
Microsoft Visual Studio Solution File, Format Version 12.00
# Visual Studio 15
VisualStudioVersion = 15.0.28307.572
MinimumVisualStudioVersion = 10.0.40219.1
Project("{FAE04EC0-301F-11D3-BF4B-00C04F79EFBC}") = "Magic8Ball-Console", "Magic8Ball-Console\Magic8Ball-Console.csproj", "{17D8BDE3-58D6-473C-B70C-54DE0D8FAB92}"
EndProject
Project("{FAE04EC0-301F-11D3-BF4B-00C04F79EFBC}") = "Magic8Ball-WPF", "Magic8Ball-WPF\Magic8Ball-WPF.csproj", "{2104A96A-8921-4D27-A321-17434E6EB024}"
EndProject
Project("{FAE04EC0-301F-11D3-BF4B-00C04F79EFBC}") = "Magic8Ball-Alternate", "Magic8Ball-Alternate\Magic8Ball-Alternate.csproj", "{C657795E-53E4-47C7-98FD-677D87A8891E}"
EndProject
Global
	GlobalSection(SolutionConfigurationPlatforms) = preSolution
		Debug|Any CPU = Debug|Any CPU
		Release|Any CPU = Release|Any CPU
	EndGlobalSection
	GlobalSection(ProjectConfigurationPlatforms) = postSolution
		{17D8BDE3-58D6-473C-B70C-54DE0D8FAB92}.Debug|Any CPU.ActiveCfg = Debug|Any CPU
		{17D8BDE3-58D6-473C-B70C-54DE0D8FAB92}.Debug|Any CPU.Build.0 = Debug|Any CPU
		{17D8BDE3-58D6-473C-B70C-54DE0D8FAB92}.Release|Any CPU.ActiveCfg = Release|Any CPU
		{17D8BDE3-58D6-473C-B70C-54DE0D8FAB92}.Release|Any CPU.Build.0 = Release|Any CPU
		{2104A96A-8921-4D27-A321-17434E6EB024}.Debug|Any CPU.ActiveCfg = Debug|Any CPU
		{2104A96A-8921-4D27-A321-17434E6EB024}.Debug|Any CPU.Build.0 = Debug|Any CPU
		{2104A96A-8921-4D27-A321-17434E6EB024}.Release|Any CPU.ActiveCfg = Release|Any CPU
		{2104A96A-8921-4D27-A321-17434E6EB024}.Release|Any CPU.Build.0 = Release|Any CPU
		{C657795E-53E4-47C7-98FD-677D87A8891E}.Debug|Any CPU.ActiveCfg = Debug|Any CPU
		{C657795E-53E4-47C7-98FD-677D87A8891E}.Debug|Any CPU.Build.0 = Debug|Any CPU
		{C657795E-53E4-47C7-98FD-677D87A8891E}.Release|Any CPU.ActiveCfg = Release|Any CPU
		{C657795E-53E4-47C7-98FD-677D87A8891E}.Release|Any CPU.Build.0 = Release|Any CPU
	EndGlobalSection
	GlobalSection(SolutionProperties) = preSolution
		HideSolutionNode = FALSE
	EndGlobalSection
	GlobalSection(ExtensibilityGlobals) = postSolution
		SolutionGuid = {6E2C356D-29AD-44D5-8B81-C716EEB1D643}
	EndGlobalSection
EndGlobal
